
Microsoft Visual Studio Solution File, Format Version 12.00
# Visual Studio Version 17
VisualStudioVersion = 17.14.37502.11
MinimumVisualStudioVersion = 10.0.40219.1
Project("{2150E333-8FDC-42A3-9474-1A3956D46DE8}") = "Core", "Core", "{02EA681E-C7D8-13C7-8484-4AC65E1B71E8}"
EndProject
Project("{2150E333-8FDC-42A3-9474-1A3956D46DE8}") = "Editor", "Editor", "{B5B2967A-C26D-4447-9CC3-BB3C9DF03932}"
EndProject
Project("{2150E333-8FDC-42A3-9474-1A3956D46DE8}") = "Shared", "Shared", "{E17923F7-BA36-4BD7-91A8-D7FBA2D0A74E}"
EndProject
Project("{FAE04EC0-301F-11D3-BF4B-00C04F79EFBC}") = "Engine", "Core\Engine\Engine.csproj", "{65694654-CD89-5F4A-FC8B-DE4EDE2220F1}"
EndProject
Project("{FAE04EC0-301F-11D3-BF4B-00C04F79EFBC}") = "MonoGame.Framework.DesktopGL", "Core\MonoGame.Forked\MonoGame.Framework\MonoGame.Framework.DesktopGL.csproj", "{961C2ACA-192D-1EB5-EDCE-6D12C8E87363}"
EndProject
Project("{FAE04EC0-301F-11D3-BF4B-00C04F79EFBC}") = "Monogame.ImGuiNet", "Core\MonoGame.ImGuiNet-main\MonoGame.ImGuiNet\Monogame.ImGuiNet.csproj", "{CBB603D8-9E0E-D353-502D-92185A7A7958}"
EndProject
Project("{FAE04EC0-301F-11D3-BF4B-00C04F79EFBC}") = "AvaloniaInside.MonoGame", "Editor\AvaloniaMonogame\AvaloniaInside.MonoGame.csproj", "{F13637D2-B5F5-23D0-C106-030E2F0CDD91}"
EndProject
Project("{FAE04EC0-301F-11D3-BF4B-00C04F79EFBC}") = "MapCompiler", "Editor\MapCompiler\MapCompiler.csproj", "{9659E2BA-AB1E-C707-81D9-7CCDE7FF392F}"
EndProject
Project("{FAE04EC0-301F-11D3-BF4B-00C04F79EFBC}") = "Rockwall2", "Editor\Rockwall2\Rockwall2.csproj", "{07684182-ED0C-B29B-91EA-A69159297732}"
EndProject
Project("{D954291E-2A0B-460D-934E-DC6B0785DB48}") = "ChiselEditorUtils", "Shared\ChiselEditorUtils\ChiselEditorUtils.shproj", "{2CD71369-5742-440C-8A6C-CEBE873D5724}"
EndProject
Project("{D954291E-2A0B-460D-934E-DC6B0785DB48}") = "ChiselModelTypes", "Shared\ChiselModelTypes\ChiselModelTypes.shproj", "{345BB408-D18A-4252-9700-2D75F7A8C32A}"
EndProject
Project("{D954291E-2A0B-460D-934E-DC6B0785DB48}") = "ChiselSharedTypes", "Shared\ChiselSharedTypes\ChiselSharedTypes.shproj", "{7ADA2BD2-A95B-47D8-8DF7-2C9450722247}"
EndProject
Project("{FAE04EC0-301F-11D3-BF4B-00C04F79EFBC}") = "MinimalGame", "MinimalGame\MinimalGame.csproj", "{DC61E63A-7B6D-E3CB-62A5-FE6774EA5930}"
EndProject
Global
	GlobalSection(SolutionConfigurationPlatforms) = preSolution
		Debug|Any CPU = Debug|Any CPU
		Release|Any CPU = Release|Any CPU
	EndGlobalSection
	GlobalSection(ProjectConfigurationPlatforms) = postSolution
		{65694654-CD89-5F4A-FC8B-DE4EDE2220F1}.Debug|Any CPU.ActiveCfg = Debug|Any CPU
		{65694654-CD89-5F4A-FC8B-DE4EDE2220F1}.Debug|Any CPU.Build.0 = Debug|Any CPU
		{65694654-CD89-5F4A-FC8B-DE4EDE2220F1}.Release|Any CPU.ActiveCfg = Release|Any CPU
		{65694654-CD89-5F4A-FC8B-DE4EDE2220F1}.Release|Any CPU.Build.0 = Release|Any CPU
		{961C2ACA-192D-1EB5-EDCE-6D12C8E87363}.Debug|Any CPU.ActiveCfg = Debug|Any CPU
		{961C2ACA-192D-1EB5-EDCE-6D12C8E87363}.Debug|Any CPU.Build.0 = Debug|Any CPU
		{961C2ACA-192D-1EB5-EDCE-6D12C8E87363}.Release|Any CPU.ActiveCfg = Release|Any CPU
		{961C2ACA-192D-1EB5-EDCE-6D12C8E87363}.Release|Any CPU.Build.0 = Release|Any CPU
		{CBB603D8-9E0E-D353-502D-92185A7A7958}.Debug|Any CPU.ActiveCfg = Debug|Any CPU
		{CBB603D8-9E0E-D353-502D-92185A7A7958}.Debug|Any CPU.Build.0 = Debug|Any CPU
		{CBB603D8-9E0E-D353-502D-92185A7A7958}.Release|Any CPU.ActiveCfg = Release|Any CPU
		{CBB603D8-9E0E-D353-502D-92185A7A7958}.Release|Any CPU.Build.0 = Release|Any CPU
		{F13637D2-B5F5-23D0-C106-030E2F0CDD91}.Debug|Any CPU.ActiveCfg = Debug|Any CPU
		{F13637D2-B5F5-23D0-C106-030E2F0CDD91}.Debug|Any CPU.Build.0 = Debug|Any CPU
		{F13637D2-B5F5-23D0-C106-030E2F0CDD91}.Release|Any CPU.ActiveCfg = Release|Any CPU
		{F13637D2-B5F5-23D0-C106-030E2F0CDD91}.Release|Any CPU.Build.0 = Release|Any CPU
		{9659E2BA-AB1E-C707-81D9-7CCDE7FF392F}.Debug|Any CPU.ActiveCfg = Debug|Any CPU
		{9659E2BA-AB1E-C707-81D9-7CCDE7FF392F}.Debug|Any CPU.Build.0 = Debug|Any CPU
		{9659E2BA-AB1E-C707-81D9-7CCDE7FF392F}.Release|Any CPU.ActiveCfg = Release|Any CPU
		{9659E2BA-AB1E-C707-81D9-7CCDE7FF392F}.Release|Any CPU.Build.0 = Release|Any CPU
		{07684182-ED0C-B29B-91EA-A69159297732}.Debug|Any CPU.ActiveCfg = Debug|Any CPU
		{07684182-ED0C-B29B-91EA-A69159297732}.Debug|Any CPU.Build.0 = Debug|Any CPU
		{07684182-ED0C-B29B-91EA-A69159297732}.Release|Any CPU.ActiveCfg = Release|Any CPU
		{07684182-ED0C-B29B-91EA-A69159297732}.Release|Any CPU.Build.0 = Release|Any CPU
		{DC61E63A-7B6D-E3CB-62A5-FE6774EA5930}.Debug|Any CPU.ActiveCfg = Debug|Any CPU
		{DC61E63A-7B6D-E3CB-62A5-FE6774EA5930}.Debug|Any CPU.Build.0 = Debug|Any CPU
		{DC61E63A-7B6D-E3CB-62A5-FE6774EA5930}.Release|Any CPU.ActiveCfg = Release|Any CPU
		{DC61E63A-7B6D-E3CB-62A5-FE6774EA5930}.Release|Any CPU.Build.0 = Release|Any CPU
	EndGlobalSection
	GlobalSection(SolutionProperties) = preSolution
		HideSolutionNode = FALSE
	EndGlobalSection
	GlobalSection(NestedProjects) = preSolution
		{65694654-CD89-5F4A-FC8B-DE4EDE2220F1} = {02EA681E-C7D8-13C7-8484-4AC65E1B71E8}
		{961C2ACA-192D-1EB5-EDCE-6D12C8E87363} = {02EA681E-C7D8-13C7-8484-4AC65E1B71E8}
		{CBB603D8-9E0E-D353-502D-92185A7A7958} = {02EA681E-C7D8-13C7-8484-4AC65E1B71E8}
		{F13637D2-B5F5-23D0-C106-030E2F0CDD91} = {B5B2967A-C26D-4447-9CC3-BB3C9DF03932}
		{9659E2BA-AB1E-C707-81D9-7CCDE7FF392F} = {B5B2967A-C26D-4447-9CC3-BB3C9DF03932}
		{07684182-ED0C-B29B-91EA-A69159297732} = {B5B2967A-C26D-4447-9CC3-BB3C9DF03932}
		{2CD71369-5742-440C-8A6C-CEBE873D5724} = {E17923F7-BA36-4BD7-91A8-D7FBA2D0A74E}
		{345BB408-D18A-4252-9700-2D75F7A8C32A} = {E17923F7-BA36-4BD7-91A8-D7FBA2D0A74E}
		{7ADA2BD2-A95B-47D8-8DF7-2C9450722247} = {E17923F7-BA36-4BD7-91A8-D7FBA2D0A74E}
	EndGlobalSection
	GlobalSection(ExtensibilityGlobals) = postSolution
		SolutionGuid = {9E5FE247-A416-4D16-9F26-40A018046B63}
	EndGlobalSection
	GlobalSection(SharedMSBuildProjectFiles) = preSolution
		Shared\ChiselEditorUtils\ChiselEditorUtils.projitems*{07684182-ed0c-b29b-91ea-a69159297732}*SharedItemsImports = 5
		Shared\ChiselModelTypes\ChiselModelTypes.projitems*{07684182-ed0c-b29b-91ea-a69159297732}*SharedItemsImports = 5
		Shared\ChiselSharedTypes\ChiselSharedTypes.projitems*{07684182-ed0c-b29b-91ea-a69159297732}*SharedItemsImports = 5
		Shared\ChiselEditorUtils\ChiselEditorUtils.projitems*{2cd71369-5742-440c-8a6c-cebe873d5724}*SharedItemsImports = 13
		Shared\ChiselModelTypes\ChiselModelTypes.projitems*{345bb408-d18a-4252-9700-2d75f7a8c32a}*SharedItemsImports = 13
		Shared\ChiselModelTypes\ChiselModelTypes.projitems*{65694654-cd89-5f4a-fc8b-de4ede2220f1}*SharedItemsImports = 5
		Shared\ChiselSharedTypes\ChiselSharedTypes.projitems*{65694654-cd89-5f4a-fc8b-de4ede2220f1}*SharedItemsImports = 5
		Shared\ChiselSharedTypes\ChiselSharedTypes.projitems*{7ada2bd2-a95b-47d8-8df7-2c9450722247}*SharedItemsImports = 13
		Shared\ChiselEditorUtils\ChiselEditorUtils.projitems*{9659e2ba-ab1e-c707-81d9-7ccde7ff392f}*SharedItemsImports = 5
		Shared\ChiselModelTypes\ChiselModelTypes.projitems*{9659e2ba-ab1e-c707-81d9-7ccde7ff392f}*SharedItemsImports = 5
		Shared\ChiselSharedTypes\ChiselSharedTypes.projitems*{9659e2ba-ab1e-c707-81d9-7ccde7ff392f}*SharedItemsImports = 5
	EndGlobalSection
EndGlobal
