<Solution>
  <Folder Name="/Core/">
    <Project Path="Engine/Engine.csproj" Id="03dfe8a3-e64e-41ad-845f-d83501b43c52" />
  </Folder>
  <Folder Name="/Editor/">
    <Project Path="Mapcompiler 0.01/Mapcompiler.csproj" Id="bcffa5c9-8bc3-412e-b90f-edb1ab557610" />
  </Folder>
  <Folder Name="/thirdparty/" />
  <Folder Name="/thirdparty/tools/" />
</Solution>
